
Microsoft Visual Studio Solution File, Format Version 12.00
# Visual Studio 15
VisualStudioVersion = 15.0.26124.0
MinimumVisualStudioVersion = 15.0.26124.0
Project("{FAE04EC0-301F-11D3-BF4B-00C04F79EFBC}") = "FullstackOverview.Web", "FullstackOverview.Web\FullstackOverview.Web.csproj", "{4C21AAF4-007F-4310-A4D3-BDEA73CBBF02}"
EndProject
Project("{FAE04EC0-301F-11D3-BF4B-00C04F79EFBC}") = "FullstackOverview.Core", "FullstackOverview.Core\FullstackOverview.Core.csproj", "{64C2C78F-2C99-4A07-9A46-A27621C68C63}"
EndProject
Project("{FAE04EC0-301F-11D3-BF4B-00C04F79EFBC}") = "FullstackOverview.Auth", "FullstackOverview.Auth\FullstackOverview.Auth.csproj", "{27F256A0-8B7C-4F07-9D4F-B56F9F859867}"
EndProject
Project("{FAE04EC0-301F-11D3-BF4B-00C04F79EFBC}") = "FullstackOverview.Data", "FullstackOverview.Data\FullstackOverview.Data.csproj", "{36370B3D-F7AF-41A9-94AE-9396CF037952}"
EndProject
Global
	GlobalSection(SolutionConfigurationPlatforms) = preSolution
		Debug|Any CPU = Debug|Any CPU
		Debug|x64 = Debug|x64
		Debug|x86 = Debug|x86
		Release|Any CPU = Release|Any CPU
		Release|x64 = Release|x64
		Release|x86 = Release|x86
	EndGlobalSection
	GlobalSection(SolutionProperties) = preSolution
		HideSolutionNode = FALSE
	EndGlobalSection
	GlobalSection(ProjectConfigurationPlatforms) = postSolution
		{04E2BF4A-F0D0-4160-8442-96095C19E260}.Debug|Any CPU.ActiveCfg = Debug|Any CPU
		{04E2BF4A-F0D0-4160-8442-96095C19E260}.Debug|Any CPU.Build.0 = Debug|Any CPU
		{04E2BF4A-F0D0-4160-8442-96095C19E260}.Debug|x64.ActiveCfg = Debug|Any CPU
		{04E2BF4A-F0D0-4160-8442-96095C19E260}.Debug|x64.Build.0 = Debug|Any CPU
		{04E2BF4A-F0D0-4160-8442-96095C19E260}.Debug|x86.ActiveCfg = Debug|Any CPU
		{04E2BF4A-F0D0-4160-8442-96095C19E260}.Debug|x86.Build.0 = Debug|Any CPU
		{04E2BF4A-F0D0-4160-8442-96095C19E260}.Release|Any CPU.ActiveCfg = Release|Any CPU
		{04E2BF4A-F0D0-4160-8442-96095C19E260}.Release|Any CPU.Build.0 = Release|Any CPU
		{04E2BF4A-F0D0-4160-8442-96095C19E260}.Release|x64.ActiveCfg = Release|Any CPU
		{04E2BF4A-F0D0-4160-8442-96095C19E260}.Release|x64.Build.0 = Release|Any CPU
		{04E2BF4A-F0D0-4160-8442-96095C19E260}.Release|x86.ActiveCfg = Release|Any CPU
		{04E2BF4A-F0D0-4160-8442-96095C19E260}.Release|x86.Build.0 = Release|Any CPU
		{3C1E6A55-EA53-4E46-AF1D-92849C375B30}.Debug|Any CPU.ActiveCfg = Debug|Any CPU
		{3C1E6A55-EA53-4E46-AF1D-92849C375B30}.Debug|Any CPU.Build.0 = Debug|Any CPU
		{3C1E6A55-EA53-4E46-AF1D-92849C375B30}.Debug|x64.ActiveCfg = Debug|Any CPU
		{3C1E6A55-EA53-4E46-AF1D-92849C375B30}.Debug|x64.Build.0 = Debug|Any CPU
		{3C1E6A55-EA53-4E46-AF1D-92849C375B30}.Debug|x86.ActiveCfg = Debug|Any CPU
		{3C1E6A55-EA53-4E46-AF1D-92849C375B30}.Debug|x86.Build.0 = Debug|Any CPU
		{3C1E6A55-EA53-4E46-AF1D-92849C375B30}.Release|Any CPU.ActiveCfg = Release|Any CPU
		{3C1E6A55-EA53-4E46-AF1D-92849C375B30}.Release|Any CPU.Build.0 = Release|Any CPU
		{3C1E6A55-EA53-4E46-AF1D-92849C375B30}.Release|x64.ActiveCfg = Release|Any CPU
		{3C1E6A55-EA53-4E46-AF1D-92849C375B30}.Release|x64.Build.0 = Release|Any CPU
		{3C1E6A55-EA53-4E46-AF1D-92849C375B30}.Release|x86.ActiveCfg = Release|Any CPU
		{3C1E6A55-EA53-4E46-AF1D-92849C375B30}.Release|x86.Build.0 = Release|Any CPU
		{4C21AAF4-007F-4310-A4D3-BDEA73CBBF02}.Debug|Any CPU.ActiveCfg = Debug|Any CPU
		{4C21AAF4-007F-4310-A4D3-BDEA73CBBF02}.Debug|Any CPU.Build.0 = Debug|Any CPU
		{4C21AAF4-007F-4310-A4D3-BDEA73CBBF02}.Debug|x64.ActiveCfg = Debug|Any CPU
		{4C21AAF4-007F-4310-A4D3-BDEA73CBBF02}.Debug|x64.Build.0 = Debug|Any CPU
		{4C21AAF4-007F-4310-A4D3-BDEA73CBBF02}.Debug|x86.ActiveCfg = Debug|Any CPU
		{4C21AAF4-007F-4310-A4D3-BDEA73CBBF02}.Debug|x86.Build.0 = Debug|Any CPU
		{4C21AAF4-007F-4310-A4D3-BDEA73CBBF02}.Release|Any CPU.ActiveCfg = Release|Any CPU
		{4C21AAF4-007F-4310-A4D3-BDEA73CBBF02}.Release|Any CPU.Build.0 = Release|Any CPU
		{4C21AAF4-007F-4310-A4D3-BDEA73CBBF02}.Release|x64.ActiveCfg = Release|Any CPU
		{4C21AAF4-007F-4310-A4D3-BDEA73CBBF02}.Release|x64.Build.0 = Release|Any CPU
		{4C21AAF4-007F-4310-A4D3-BDEA73CBBF02}.Release|x86.ActiveCfg = Release|Any CPU
		{4C21AAF4-007F-4310-A4D3-BDEA73CBBF02}.Release|x86.Build.0 = Release|Any CPU
		{64C2C78F-2C99-4A07-9A46-A27621C68C63}.Debug|Any CPU.ActiveCfg = Debug|Any CPU
		{64C2C78F-2C99-4A07-9A46-A27621C68C63}.Debug|Any CPU.Build.0 = Debug|Any CPU
		{64C2C78F-2C99-4A07-9A46-A27621C68C63}.Debug|x64.ActiveCfg = Debug|Any CPU
		{64C2C78F-2C99-4A07-9A46-A27621C68C63}.Debug|x64.Build.0 = Debug|Any CPU
		{64C2C78F-2C99-4A07-9A46-A27621C68C63}.Debug|x86.ActiveCfg = Debug|Any CPU
		{64C2C78F-2C99-4A07-9A46-A27621C68C63}.Debug|x86.Build.0 = Debug|Any CPU
		{64C2C78F-2C99-4A07-9A46-A27621C68C63}.Release|Any CPU.ActiveCfg = Release|Any CPU
		{64C2C78F-2C99-4A07-9A46-A27621C68C63}.Release|Any CPU.Build.0 = Release|Any CPU
		{64C2C78F-2C99-4A07-9A46-A27621C68C63}.Release|x64.ActiveCfg = Release|Any CPU
		{64C2C78F-2C99-4A07-9A46-A27621C68C63}.Release|x64.Build.0 = Release|Any CPU
		{64C2C78F-2C99-4A07-9A46-A27621C68C63}.Release|x86.ActiveCfg = Release|Any CPU
		{64C2C78F-2C99-4A07-9A46-A27621C68C63}.Release|x86.Build.0 = Release|Any CPU
		{27F256A0-8B7C-4F07-9D4F-B56F9F859867}.Debug|Any CPU.ActiveCfg = Debug|Any CPU
		{27F256A0-8B7C-4F07-9D4F-B56F9F859867}.Debug|Any CPU.Build.0 = Debug|Any CPU
		{27F256A0-8B7C-4F07-9D4F-B56F9F859867}.Debug|x64.ActiveCfg = Debug|Any CPU
		{27F256A0-8B7C-4F07-9D4F-B56F9F859867}.Debug|x64.Build.0 = Debug|Any CPU
		{27F256A0-8B7C-4F07-9D4F-B56F9F859867}.Debug|x86.ActiveCfg = Debug|Any CPU
		{27F256A0-8B7C-4F07-9D4F-B56F9F859867}.Debug|x86.Build.0 = Debug|Any CPU
		{27F256A0-8B7C-4F07-9D4F-B56F9F859867}.Release|Any CPU.ActiveCfg = Release|Any CPU
		{27F256A0-8B7C-4F07-9D4F-B56F9F859867}.Release|Any CPU.Build.0 = Release|Any CPU
		{27F256A0-8B7C-4F07-9D4F-B56F9F859867}.Release|x64.ActiveCfg = Release|Any CPU
		{27F256A0-8B7C-4F07-9D4F-B56F9F859867}.Release|x64.Build.0 = Release|Any CPU
		{27F256A0-8B7C-4F07-9D4F-B56F9F859867}.Release|x86.ActiveCfg = Release|Any CPU
		{27F256A0-8B7C-4F07-9D4F-B56F9F859867}.Release|x86.Build.0 = Release|Any CPU
		{36370B3D-F7AF-41A9-94AE-9396CF037952}.Debug|Any CPU.ActiveCfg = Debug|Any CPU
		{36370B3D-F7AF-41A9-94AE-9396CF037952}.Debug|Any CPU.Build.0 = Debug|Any CPU
		{36370B3D-F7AF-41A9-94AE-9396CF037952}.Debug|x64.ActiveCfg = Debug|Any CPU
		{36370B3D-F7AF-41A9-94AE-9396CF037952}.Debug|x64.Build.0 = Debug|Any CPU
		{36370B3D-F7AF-41A9-94AE-9396CF037952}.Debug|x86.ActiveCfg = Debug|Any CPU
		{36370B3D-F7AF-41A9-94AE-9396CF037952}.Debug|x86.Build.0 = Debug|Any CPU
		{36370B3D-F7AF-41A9-94AE-9396CF037952}.Release|Any CPU.ActiveCfg = Release|Any CPU
		{36370B3D-F7AF-41A9-94AE-9396CF037952}.Release|Any CPU.Build.0 = Release|Any CPU
		{36370B3D-F7AF-41A9-94AE-9396CF037952}.Release|x64.ActiveCfg = Release|Any CPU
		{36370B3D-F7AF-41A9-94AE-9396CF037952}.Release|x64.Build.0 = Release|Any CPU
		{36370B3D-F7AF-41A9-94AE-9396CF037952}.Release|x86.ActiveCfg = Release|Any CPU
		{36370B3D-F7AF-41A9-94AE-9396CF037952}.Release|x86.Build.0 = Release|Any CPU
	EndGlobalSection
EndGlobal
